{
  "name": "mini-vue",
  "version": "1.0.0",
  "lockfileVersion": 3,
  "requires": true,
  "packages": {
    "": {
      "name": "mini-vue",
      "version": "1.0.0",
      "license": "ISC",
      "dependencies": {
        "@vue/reactivity": "^3.4.15"
      }
    },
    "node_modules/@vue/reactivity": {
      "version": "3.4.15",
      "resolved": "https://registry.npmjs.org/@vue/reactivity/-/reactivity-3.4.15.tgz",
      "integrity": "sha512-55yJh2bsff20K5O84MxSvXKPHHt17I2EomHznvFiJCAZpJTNW8IuLj1xZWMLELRhBK3kkFV/1ErZGHJfah7i7w==",
      "dependencies": {
        "@vue/shared": "3.4.15"
      }
    },
    "node_modules/@vue/shared": {
      "version": "3.4.15",
      "resolved": "https://registry.npmjs.org/@vue/shared/-/shared-3.4.15.tgz",
      "integrity": "sha512-KzfPTxVaWfB+eGcGdbSf4CWdaXcGDqckoeXUh7SB3fZdEtzPCK2Vq9B/lRRL3yutax/LWITz+SwvgyOxz5V75g=="
    }
  }
}
